
Microsoft Visual Studio Solution File, Format Version 12.00
# Visual Studio Version 16
VisualStudioVersion = 16.0.31624.102
MinimumVisualStudioVersion = 10.0.40219.1
Project("{FAE04EC0-301F-11D3-BF4B-00C04F79EFBC}") = "secretAgent", "secretAgent.csproj", "{EF264E3B-6B2F-4325-8B05-8DE67330E391}"
EndProject
Global
	GlobalSection(SolutionConfigurationPlatforms) = preSolution
		Debug|Any CPU = Debug|Any CPU
		Release|Any CPU = Release|Any CPU
	EndGlobalSection
	GlobalSection(ProjectConfigurationPlatforms) = postSolution
		{EF264E3B-6B2F-4325-8B05-8DE67330E391}.Debug|Any CPU.ActiveCfg = Debug|Any CPU
		{EF264E3B-6B2F-4325-8B05-8DE67330E391}.Debug|Any CPU.Build.0 = Debug|Any CPU
		{EF264E3B-6B2F-4325-8B05-8DE67330E391}.Release|Any CPU.ActiveCfg = Release|Any CPU
		{EF264E3B-6B2F-4325-8B05-8DE67330E391}.Release|Any CPU.Build.0 = Release|Any CPU
	EndGlobalSection
	GlobalSection(SolutionProperties) = preSolution
		HideSolutionNode = FALSE
	EndGlobalSection
	GlobalSection(ExtensibilityGlobals) = postSolution
		SolutionGuid = {AA37687D-2E10-4B52-A45D-7C49A8B162B8}
	EndGlobalSection
EndGlobal
